Microsoft Visual Studio Solution File, Format Version 12.00
# Visual Studio Version 17
VisualStudioVersion = 17.5.2.0
MinimumVisualStudioVersion = 10.0.40219.1
Project("{FAE04EC0-301F-11D3-BF4B-00C04F79EFBC}") = "JavaScriptClient", "JavaScriptClient.csproj", "{8836495F-E569-9914-4AC3-92610366CB05}"
EndProject
Global
	GlobalSection(SolutionConfigurationPlatforms) = preSolution
		Debug|Any CPU = Debug|Any CPU
		Release|Any CPU = Release|Any CPU
	EndGlobalSection
	GlobalSection(ProjectConfigurationPlatforms) = postSolution
		{8836495F-E569-9914-4AC3-92610366CB05}.Debug|Any CPU.ActiveCfg = Debug|Any CPU
		{8836495F-E569-9914-4AC3-92610366CB05}.Debug|Any CPU.Build.0 = Debug|Any CPU
		{8836495F-E569-9914-4AC3-92610366CB05}.Release|Any CPU.ActiveCfg = Release|Any CPU
		{8836495F-E569-9914-4AC3-92610366CB05}.Release|Any CPU.Build.0 = Release|Any CPU
	EndGlobalSection
	GlobalSection(SolutionProperties) = preSolution
		HideSolutionNode = FALSE
	EndGlobalSection
	GlobalSection(ExtensibilityGlobals) = postSolution
		SolutionGuid = {3C559DB1-439B-4771-BE1C-DE7A62F788D8}
	EndGlobalSection
EndGlobal
